
Microsoft Visual Studio Solution File, Format Version 12.00
# Visual Studio Version 16
VisualStudioVersion = 16.0.31005.135
MinimumVisualStudioVersion = 10.0.40219.1
Project("{FAE04EC0-301F-11D3-BF4B-00C04F79EFBC}") = "FibonacciSeriesProgram", "FibonacciSeriesProgram\FibonacciSeriesProgram.csproj", "{EB2CE26D-C220-4BB4-8D0E-91F78AA6627E}"
EndProject
Global
	GlobalSection(SolutionConfigurationPlatforms) = preSolution
		Debug|Any CPU = Debug|Any CPU
		Release|Any CPU = Release|Any CPU
	EndGlobalSection
	GlobalSection(ProjectConfigurationPlatforms) = postSolution
		{EB2CE26D-C220-4BB4-8D0E-91F78AA6627E}.Debug|Any CPU.ActiveCfg = Debug|Any CPU
		{EB2CE26D-C220-4BB4-8D0E-91F78AA6627E}.Debug|Any CPU.Build.0 = Debug|Any CPU
		{EB2CE26D-C220-4BB4-8D0E-91F78AA6627E}.Release|Any CPU.ActiveCfg = Release|Any CPU
		{EB2CE26D-C220-4BB4-8D0E-91F78AA6627E}.Release|Any CPU.Build.0 = Release|Any CPU
	EndGlobalSection
	GlobalSection(SolutionProperties) = preSolution
		HideSolutionNode = FALSE
	EndGlobalSection
	GlobalSection(ExtensibilityGlobals) = postSolution
		SolutionGuid = {E496E0B6-E141-4405-90ED-94F19D5426D2}
	EndGlobalSection
EndGlobal
